
Microsoft Visual Studio Solution File, Format Version 12.00
# Visual Studio Version 16
VisualStudioVersion = 16.0.30523.141
MinimumVisualStudioVersion = 10.0.40219.1
Project("{9A19103F-16F7-4668-BE54-9A1E7A4F7556}") = "QS.Console", "QS.Console\QS.Console.csproj", "{7D5D6F7F-BF3D-437B-BB29-3F004F66C3BC}"
EndProject
Project("{9A19103F-16F7-4668-BE54-9A1E7A4F7556}") = "InputUser.Console", "InputUser.Console\InputUser.Console.csproj", "{A108162F-D75C-41D1-BDCA-C07EC234E4EA}"
EndProject
Project("{9A19103F-16F7-4668-BE54-9A1E7A4F7556}") = "Generic.Console", "Generic.Console\Generic.Console.csproj", "{B424D97F-B2FA-416E-99EE-7FCD98FC69D3}"
EndProject
Project("{9A19103F-16F7-4668-BE54-9A1E7A4F7556}") = "CodeForceProblem", "CodeForceProblem\CodeForceProblem.csproj", "{BABB6E16-4B37-4BBF-B39E-74D7645F0C96}"
EndProject
Project("{9A19103F-16F7-4668-BE54-9A1E7A4F7556}") = "BubbleSort", "BubbleSort\BubbleSort.csproj", "{D2FAA03D-AE0C-4AE3-9EB8-1AE99038520A}"
EndProject
Project("{9A19103F-16F7-4668-BE54-9A1E7A4F7556}") = "SelectionSort", "SelectionSort\SelectionSort.csproj", "{1024F51F-6AE7-45B9-8D4D-6490711A28B2}"
EndProject
Project("{9A19103F-16F7-4668-BE54-9A1E7A4F7556}") = "BinarySearch", "BinarySearch\BinarySearch.csproj", "{D8C7E92D-BC4E-4AA0-8FF6-30D94422E973}"
EndProject
Project("{FAE04EC0-301F-11D3-BF4B-00C04F79EFBC}") = "JsonRND", "JsonRND\JsonRND.csproj", "{CE3F854F-833D-40B3-A06F-3F32A34C0C55}"
EndProject
Project("{9A19103F-16F7-4668-BE54-9A1E7A4F7556}") = "CSharp_Preparation", "CSharp_Preparation\CSharp_Preparation.csproj", "{FE20D2D5-9CF1-4A80-8EDA-1425979B4EBF}"
EndProject
Project("{9A19103F-16F7-4668-BE54-9A1E7A4F7556}") = "DT-1", "DT-1\DT-1.csproj", "{5DB1F790-FCF9-4F07-A870-CB4499E9DF40}"
EndProject
Project("{9A19103F-16F7-4668-BE54-9A1E7A4F7556}") = "WellDev", "WellDev\WellDev.csproj", "{B3B8A51F-E812-4A7D-A319-7059D44BF7A4}"
EndProject
Project("{FAE04EC0-301F-11D3-BF4B-00C04F79EFBC}") = "TestRelationship", "TestRelationship\TestRelationship.csproj", "{9EDBA8A1-405E-497A-B112-2247D117AC00}"
EndProject
Project("{FAE04EC0-301F-11D3-BF4B-00C04F79EFBC}") = "WebApplication", "WebApplication\WebApplication.csproj", "{0E60A59F-8CAD-40F4-B71F-17DA48D29204}"
EndProject
Global
	GlobalSection(SolutionConfigurationPlatforms) = preSolution
		Debug|Any CPU = Debug|Any CPU
		Release|Any CPU = Release|Any CPU
	EndGlobalSection
	GlobalSection(ProjectConfigurationPlatforms) = postSolution
		{7D5D6F7F-BF3D-437B-BB29-3F004F66C3BC}.Debug|Any CPU.ActiveCfg = Debug|Any CPU
		{7D5D6F7F-BF3D-437B-BB29-3F004F66C3BC}.Debug|Any CPU.Build.0 = Debug|Any CPU
		{7D5D6F7F-BF3D-437B-BB29-3F004F66C3BC}.Release|Any CPU.ActiveCfg = Release|Any CPU
		{7D5D6F7F-BF3D-437B-BB29-3F004F66C3BC}.Release|Any CPU.Build.0 = Release|Any CPU
		{A108162F-D75C-41D1-BDCA-C07EC234E4EA}.Debug|Any CPU.ActiveCfg = Debug|Any CPU
		{A108162F-D75C-41D1-BDCA-C07EC234E4EA}.Debug|Any CPU.Build.0 = Debug|Any CPU
		{A108162F-D75C-41D1-BDCA-C07EC234E4EA}.Release|Any CPU.ActiveCfg = Release|Any CPU
		{A108162F-D75C-41D1-BDCA-C07EC234E4EA}.Release|Any CPU.Build.0 = Release|Any CPU
		{B424D97F-B2FA-416E-99EE-7FCD98FC69D3}.Debug|Any CPU.ActiveCfg = Debug|Any CPU
		{B424D97F-B2FA-416E-99EE-7FCD98FC69D3}.Debug|Any CPU.Build.0 = Debug|Any CPU
		{B424D97F-B2FA-416E-99EE-7FCD98FC69D3}.Release|Any CPU.ActiveCfg = Release|Any CPU
		{B424D97F-B2FA-416E-99EE-7FCD98FC69D3}.Release|Any CPU.Build.0 = Release|Any CPU
		{BABB6E16-4B37-4BBF-B39E-74D7645F0C96}.Debug|Any CPU.ActiveCfg = Debug|Any CPU
		{BABB6E16-4B37-4BBF-B39E-74D7645F0C96}.Debug|Any CPU.Build.0 = Debug|Any CPU
		{BABB6E16-4B37-4BBF-B39E-74D7645F0C96}.Release|Any CPU.ActiveCfg = Release|Any CPU
		{BABB6E16-4B37-4BBF-B39E-74D7645F0C96}.Release|Any CPU.Build.0 = Release|Any CPU
		{D2FAA03D-AE0C-4AE3-9EB8-1AE99038520A}.Debug|Any CPU.ActiveCfg = Debug|Any CPU
		{D2FAA03D-AE0C-4AE3-9EB8-1AE99038520A}.Debug|Any CPU.Build.0 = Debug|Any CPU
		{D2FAA03D-AE0C-4AE3-9EB8-1AE99038520A}.Release|Any CPU.ActiveCfg = Release|Any CPU
		{D2FAA03D-AE0C-4AE3-9EB8-1AE99038520A}.Release|Any CPU.Build.0 = Release|Any CPU
		{1024F51F-6AE7-45B9-8D4D-6490711A28B2}.Debug|Any CPU.ActiveCfg = Debug|Any CPU
		{1024F51F-6AE7-45B9-8D4D-6490711A28B2}.Debug|Any CPU.Build.0 = Debug|Any CPU
		{1024F51F-6AE7-45B9-8D4D-6490711A28B2}.Release|Any CPU.ActiveCfg = Release|Any CPU
		{1024F51F-6AE7-45B9-8D4D-6490711A28B2}.Release|Any CPU.Build.0 = Release|Any CPU
		{D8C7E92D-BC4E-4AA0-8FF6-30D94422E973}.Debug|Any CPU.ActiveCfg = Debug|Any CPU
		{D8C7E92D-BC4E-4AA0-8FF6-30D94422E973}.Debug|Any CPU.Build.0 = Debug|Any CPU
		{D8C7E92D-BC4E-4AA0-8FF6-30D94422E973}.Release|Any CPU.ActiveCfg = Release|Any CPU
		{D8C7E92D-BC4E-4AA0-8FF6-30D94422E973}.Release|Any CPU.Build.0 = Release|Any CPU
		{CE3F854F-833D-40B3-A06F-3F32A34C0C55}.Debug|Any CPU.ActiveCfg = Debug|Any CPU
		{CE3F854F-833D-40B3-A06F-3F32A34C0C55}.Debug|Any CPU.Build.0 = Debug|Any CPU
		{CE3F854F-833D-40B3-A06F-3F32A34C0C55}.Release|Any CPU.ActiveCfg = Release|Any CPU
		{CE3F854F-833D-40B3-A06F-3F32A34C0C55}.Release|Any CPU.Build.0 = Release|Any CPU
		{FE20D2D5-9CF1-4A80-8EDA-1425979B4EBF}.Debug|Any CPU.ActiveCfg = Debug|Any CPU
		{FE20D2D5-9CF1-4A80-8EDA-1425979B4EBF}.Debug|Any CPU.Build.0 = Debug|Any CPU
		{FE20D2D5-9CF1-4A80-8EDA-1425979B4EBF}.Release|Any CPU.ActiveCfg = Release|Any CPU
		{FE20D2D5-9CF1-4A80-8EDA-1425979B4EBF}.Release|Any CPU.Build.0 = Release|Any CPU
		{5DB1F790-FCF9-4F07-A870-CB4499E9DF40}.Debug|Any CPU.ActiveCfg = Debug|Any CPU
		{5DB1F790-FCF9-4F07-A870-CB4499E9DF40}.Debug|Any CPU.Build.0 = Debug|Any CPU
		{5DB1F790-FCF9-4F07-A870-CB4499E9DF40}.Release|Any CPU.ActiveCfg = Release|Any CPU
		{5DB1F790-FCF9-4F07-A870-CB4499E9DF40}.Release|Any CPU.Build.0 = Release|Any CPU
		{B3B8A51F-E812-4A7D-A319-7059D44BF7A4}.Debug|Any CPU.ActiveCfg = Debug|Any CPU
		{B3B8A51F-E812-4A7D-A319-7059D44BF7A4}.Debug|Any CPU.Build.0 = Debug|Any CPU
		{B3B8A51F-E812-4A7D-A319-7059D44BF7A4}.Release|Any CPU.ActiveCfg = Release|Any CPU
		{B3B8A51F-E812-4A7D-A319-7059D44BF7A4}.Release|Any CPU.Build.0 = Release|Any CPU
		{9EDBA8A1-405E-497A-B112-2247D117AC00}.Debug|Any CPU.ActiveCfg = Debug|Any CPU
		{9EDBA8A1-405E-497A-B112-2247D117AC00}.Debug|Any CPU.Build.0 = Debug|Any CPU
		{9EDBA8A1-405E-497A-B112-2247D117AC00}.Release|Any CPU.ActiveCfg = Release|Any CPU
		{9EDBA8A1-405E-497A-B112-2247D117AC00}.Release|Any CPU.Build.0 = Release|Any CPU
		{0E60A59F-8CAD-40F4-B71F-17DA48D29204}.Debug|Any CPU.ActiveCfg = Debug|Any CPU
		{0E60A59F-8CAD-40F4-B71F-17DA48D29204}.Debug|Any CPU.Build.0 = Debug|Any CPU
		{0E60A59F-8CAD-40F4-B71F-17DA48D29204}.Release|Any CPU.ActiveCfg = Release|Any CPU
		{0E60A59F-8CAD-40F4-B71F-17DA48D29204}.Release|Any CPU.Build.0 = Release|Any CPU
	EndGlobalSection
	GlobalSection(SolutionProperties) = preSolution
		HideSolutionNode = FALSE
	EndGlobalSection
	GlobalSection(ExtensibilityGlobals) = postSolution
		SolutionGuid = {DF18851F-AE30-4247-8F2E-04F79F9889AB}
	EndGlobalSection
EndGlobal
